
Microsoft Visual Studio Solution File, Format Version 12.00
# Visual Studio Version 17
VisualStudioVersion = 17.4.33213.308
MinimumVisualStudioVersion = 10.0.40219.1
Project("{9A19103F-16F7-4668-BE54-9A1E7A4F7556}") = "DevoidEngine", "DevoidEngine\DevoidEngine.csproj", "{E36DD997-2506-4A67-8875-69C9C6F8C911}"
EndProject
Project("{FAE04EC0-301F-11D3-BF4B-00C04F79EFBC}") = "Elemental", "Elemental\Elemental.csproj", "{6395F9C9-95D7-42EE-9554-CCF9B15115E7}"
EndProject
Project("{FAE04EC0-301F-11D3-BF4B-00C04F79EFBC}") = "DevoidProject", "DevoidProject\DevoidProject.csproj", "{07C95298-3ED7-4C7B-8F4E-4464594BED95}"
EndProject
Global
	GlobalSection(SolutionConfigurationPlatforms) = preSolution
		Debug|Any CPU = Debug|Any CPU
		Debug|x64 = Debug|x64
		EditorMode|Any CPU = EditorMode|Any CPU
		EditorMode|x64 = EditorMode|x64
		Release|Any CPU = Release|Any CPU
		Release|x64 = Release|x64
	EndGlobalSection
	GlobalSection(ProjectConfigurationPlatforms) = postSolution
		{E36DD997-2506-4A67-8875-69C9C6F8C911}.Debug|Any CPU.ActiveCfg = Debug|Any CPU
		{E36DD997-2506-4A67-8875-69C9C6F8C911}.Debug|Any CPU.Build.0 = Debug|Any CPU
		{E36DD997-2506-4A67-8875-69C9C6F8C911}.Debug|x64.ActiveCfg = Debug|x64
		{E36DD997-2506-4A67-8875-69C9C6F8C911}.Debug|x64.Build.0 = Debug|x64
		{E36DD997-2506-4A67-8875-69C9C6F8C911}.EditorMode|Any CPU.ActiveCfg = EditorMode|Any CPU
		{E36DD997-2506-4A67-8875-69C9C6F8C911}.EditorMode|Any CPU.Build.0 = EditorMode|Any CPU
		{E36DD997-2506-4A67-8875-69C9C6F8C911}.EditorMode|x64.ActiveCfg = EditorMode|x64
		{E36DD997-2506-4A67-8875-69C9C6F8C911}.EditorMode|x64.Build.0 = EditorMode|x64
		{E36DD997-2506-4A67-8875-69C9C6F8C911}.Release|Any CPU.ActiveCfg = Release|Any CPU
		{E36DD997-2506-4A67-8875-69C9C6F8C911}.Release|Any CPU.Build.0 = Release|Any CPU
		{E36DD997-2506-4A67-8875-69C9C6F8C911}.Release|x64.ActiveCfg = Release|x64
		{E36DD997-2506-4A67-8875-69C9C6F8C911}.Release|x64.Build.0 = Release|x64
		{6395F9C9-95D7-42EE-9554-CCF9B15115E7}.Debug|Any CPU.ActiveCfg = Debug|Any CPU
		{6395F9C9-95D7-42EE-9554-CCF9B15115E7}.Debug|Any CPU.Build.0 = Debug|Any CPU
		{6395F9C9-95D7-42EE-9554-CCF9B15115E7}.Debug|x64.ActiveCfg = Debug|Any CPU
		{6395F9C9-95D7-42EE-9554-CCF9B15115E7}.Debug|x64.Build.0 = Debug|Any CPU
		{6395F9C9-95D7-42EE-9554-CCF9B15115E7}.EditorMode|Any CPU.ActiveCfg = Debug|Any CPU
		{6395F9C9-95D7-42EE-9554-CCF9B15115E7}.EditorMode|Any CPU.Build.0 = Debug|Any CPU
		{6395F9C9-95D7-42EE-9554-CCF9B15115E7}.EditorMode|x64.ActiveCfg = Debug|Any CPU
		{6395F9C9-95D7-42EE-9554-CCF9B15115E7}.EditorMode|x64.Build.0 = Debug|Any CPU
		{6395F9C9-95D7-42EE-9554-CCF9B15115E7}.Release|Any CPU.ActiveCfg = Release|Any CPU
		{6395F9C9-95D7-42EE-9554-CCF9B15115E7}.Release|Any CPU.Build.0 = Release|Any CPU
		{6395F9C9-95D7-42EE-9554-CCF9B15115E7}.Release|x64.ActiveCfg = Release|Any CPU
		{6395F9C9-95D7-42EE-9554-CCF9B15115E7}.Release|x64.Build.0 = Release|Any CPU
		{07C95298-3ED7-4C7B-8F4E-4464594BED95}.Debug|Any CPU.ActiveCfg = Debug|Any CPU
		{07C95298-3ED7-4C7B-8F4E-4464594BED95}.Debug|Any CPU.Build.0 = Debug|Any CPU
		{07C95298-3ED7-4C7B-8F4E-4464594BED95}.Debug|x64.ActiveCfg = Debug|Any CPU
		{07C95298-3ED7-4C7B-8F4E-4464594BED95}.Debug|x64.Build.0 = Debug|Any CPU
		{07C95298-3ED7-4C7B-8F4E-4464594BED95}.EditorMode|Any CPU.ActiveCfg = Debug|Any CPU
		{07C95298-3ED7-4C7B-8F4E-4464594BED95}.EditorMode|Any CPU.Build.0 = Debug|Any CPU
		{07C95298-3ED7-4C7B-8F4E-4464594BED95}.EditorMode|x64.ActiveCfg = Debug|Any CPU
		{07C95298-3ED7-4C7B-8F4E-4464594BED95}.EditorMode|x64.Build.0 = Debug|Any CPU
		{07C95298-3ED7-4C7B-8F4E-4464594BED95}.Release|Any CPU.ActiveCfg = Release|Any CPU
		{07C95298-3ED7-4C7B-8F4E-4464594BED95}.Release|Any CPU.Build.0 = Release|Any CPU
		{07C95298-3ED7-4C7B-8F4E-4464594BED95}.Release|x64.ActiveCfg = Release|Any CPU
		{07C95298-3ED7-4C7B-8F4E-4464594BED95}.Release|x64.Build.0 = Release|Any CPU
	EndGlobalSection
	GlobalSection(SolutionProperties) = preSolution
		HideSolutionNode = FALSE
	EndGlobalSection
	GlobalSection(ExtensibilityGlobals) = postSolution
		SolutionGuid = {0B690834-E88F-4DBF-95F5-FD4CE7AFF88D}
	EndGlobalSection
EndGlobal
